
Microsoft Visual Studio Solution File, Format Version 12.00
# Visual Studio Version 16
VisualStudioVersion = 16.0.33214.272
MinimumVisualStudioVersion = 10.0.40219.1
Project("{FAE04EC0-301F-11D3-BF4B-00C04F79EFBC}") = "Mission6", "Mission6\Mission6.csproj", "{C981D3C4-9084-4A8B-A270-D183D18883EC}"
EndProject
Global
	GlobalSection(SolutionConfigurationPlatforms) = preSolution
		Debug|Any CPU = Debug|Any CPU
		Release|Any CPU = Release|Any CPU
	EndGlobalSection
	GlobalSection(ProjectConfigurationPlatforms) = postSolution
		{C981D3C4-9084-4A8B-A270-D183D18883EC}.Debug|Any CPU.ActiveCfg = Debug|Any CPU
		{C981D3C4-9084-4A8B-A270-D183D18883EC}.Debug|Any CPU.Build.0 = Debug|Any CPU
		{C981D3C4-9084-4A8B-A270-D183D18883EC}.Release|Any CPU.ActiveCfg = Release|Any CPU
		{C981D3C4-9084-4A8B-A270-D183D18883EC}.Release|Any CPU.Build.0 = Release|Any CPU
	EndGlobalSection
	GlobalSection(SolutionProperties) = preSolution
		HideSolutionNode = FALSE
	EndGlobalSection
	GlobalSection(ExtensibilityGlobals) = postSolution
		SolutionGuid = {871A0B43-0793-4D36-9CD9-41BA79261852}
	EndGlobalSection
EndGlobal
